
Microsoft Visual Studio Solution File, Format Version 12.00
# Visual Studio 14
VisualStudioVersion = 14.0.24720.0
MinimumVisualStudioVersion = 10.0.40219.1
Project("{F2A71F9B-5D33-465A-A702-920D77279786}") = "LightCheck", "LightCheck\LightCheck.fsproj", "{001F9B73-33FE-4F6C-95EE-B18776744A53}"
EndProject
Project("{F2A71F9B-5D33-465A-A702-920D77279786}") = "LightCheck.Tests", "LightCheck.Tests\LightCheck.Tests.fsproj", "{11FCC0F7-22CB-43EF-B4BC-E1FA4A2180F2}"
EndProject
Global
	GlobalSection(SolutionConfigurationPlatforms) = preSolution
		Debug|Any CPU = Debug|Any CPU
		Release|Any CPU = Release|Any CPU
	EndGlobalSection
	GlobalSection(ProjectConfigurationPlatforms) = postSolution
		{001F9B73-33FE-4F6C-95EE-B18776744A53}.Debug|Any CPU.ActiveCfg = Debug|Any CPU
		{001F9B73-33FE-4F6C-95EE-B18776744A53}.Debug|Any CPU.Build.0 = Debug|Any CPU
		{001F9B73-33FE-4F6C-95EE-B18776744A53}.Release|Any CPU.ActiveCfg = Release|Any CPU
		{001F9B73-33FE-4F6C-95EE-B18776744A53}.Release|Any CPU.Build.0 = Release|Any CPU
		{11FCC0F7-22CB-43EF-B4BC-E1FA4A2180F2}.Debug|Any CPU.ActiveCfg = Debug|Any CPU
		{11FCC0F7-22CB-43EF-B4BC-E1FA4A2180F2}.Debug|Any CPU.Build.0 = Debug|Any CPU
		{11FCC0F7-22CB-43EF-B4BC-E1FA4A2180F2}.Release|Any CPU.ActiveCfg = Release|Any CPU
		{11FCC0F7-22CB-43EF-B4BC-E1FA4A2180F2}.Release|Any CPU.Build.0 = Release|Any CPU
	EndGlobalSection
	GlobalSection(SolutionProperties) = preSolution
		HideSolutionNode = FALSE
	EndGlobalSection
EndGlobal
